# This file is automatically @generated by Cargo.
# It is not intended for manual editing.
version = 3

[[package]]
name = "collections-basics"
version = "0.1.0"

[[package]]
name = "error-handling"
version = "0.1.0"

[[package]]
name = "merkle-tree"
version = "0.1.0"

[[package]]
name = "ownership-borrowing"
version = "0.1.0"

[[package]]
name = "sha256-hashing"
version = "0.1.0"

[[package]]
name = "simple-blockchain"
version = "0.1.0"

[[package]]
name = "structs-methods"
version = "0.1.0"

[[package]]
name = "traits-basics"
version = "0.1.0"

[[package]]
name = "transaction-validation"
version = "0.1.0"

[[package]]
name = "variables-types"
version = "0.1.0"
